
Microsoft Visual Studio Solution File, Format Version 12.00
# Visual Studio Version 17
VisualStudioVersion = 17.5.002.0
MinimumVisualStudioVersion = 10.0.40219.1
Project("{9A19103F-16F7-4668-BE54-9A1E7A4F7556}") = "P2_2_Figuras", "P2_2_Figuras.csproj", "{228A7E92-5680-49C5-9345-3A83782415C5}"
EndProject
Global
	GlobalSection(SolutionConfigurationPlatforms) = preSolution
		Debug|Any CPU = Debug|Any CPU
		Release|Any CPU = Release|Any CPU
	EndGlobalSection
	GlobalSection(ProjectConfigurationPlatforms) = postSolution
		{228A7E92-5680-49C5-9345-3A83782415C5}.Debug|Any CPU.ActiveCfg = Debug|Any CPU
		{228A7E92-5680-49C5-9345-3A83782415C5}.Debug|Any CPU.Build.0 = Debug|Any CPU
		{228A7E92-5680-49C5-9345-3A83782415C5}.Release|Any CPU.ActiveCfg = Release|Any CPU
		{228A7E92-5680-49C5-9345-3A83782415C5}.Release|Any CPU.Build.0 = Release|Any CPU
	EndGlobalSection
	GlobalSection(SolutionProperties) = preSolution
		HideSolutionNode = FALSE
	EndGlobalSection
	GlobalSection(ExtensibilityGlobals) = postSolution
		SolutionGuid = {F964866E-F51F-4E1F-9D5D-C0846A235661}
	EndGlobalSection
EndGlobal
